
Microsoft Visual Studio Solution File, Format Version 12.00
# Visual Studio Version 17
VisualStudioVersion = 17.8.34330.188
MinimumVisualStudioVersion = 10.0.40219.1
Project("{9A19103F-16F7-4668-BE54-9A1E7A4F7556}") = "RealEco", "RealEco.csproj", "{3EDAB67B-2060-425A-AFA9-DDC21B7C30B3}"
EndProject
Global
	GlobalSection(SolutionConfigurationPlatforms) = preSolution
		Debug|Any CPU = Debug|Any CPU
		Release|Any CPU = Release|Any CPU
	EndGlobalSection
	GlobalSection(ProjectConfigurationPlatforms) = postSolution
		{3EDAB67B-2060-425A-AFA9-DDC21B7C30B3}.Debug|Any CPU.ActiveCfg = Debug|Any CPU
		{3EDAB67B-2060-425A-AFA9-DDC21B7C30B3}.Debug|Any CPU.Build.0 = Debug|Any CPU
		{3EDAB67B-2060-425A-AFA9-DDC21B7C30B3}.Release|Any CPU.ActiveCfg = Release|Any CPU
		{3EDAB67B-2060-425A-AFA9-DDC21B7C30B3}.Release|Any CPU.Build.0 = Release|Any CPU
	EndGlobalSection
	GlobalSection(SolutionProperties) = preSolution
		HideSolutionNode = FALSE
	EndGlobalSection
	GlobalSection(ExtensibilityGlobals) = postSolution
		SolutionGuid = {A4791AC4-92A9-4993-949D-ECACAD3CF3F1}
	EndGlobalSection
EndGlobal
